
Microsoft Visual Studio Solution File, Format Version 12.00
# Visual Studio Version 16
VisualStudioVersion = 16.0.29102.190
MinimumVisualStudioVersion = 10.0.40219.1
Project("{FAE04EC0-301F-11D3-BF4B-00C04F79EFBC}") = "Merida_Gui", "Merida_Gui.csproj", "{970BA76D-FFC0-4DDA-8396-F3FD493D8B2A}"
EndProject
Global
	GlobalSection(SolutionConfigurationPlatforms) = preSolution
		Debug|Any CPU = Debug|Any CPU
		Release|Any CPU = Release|Any CPU
	EndGlobalSection
	GlobalSection(ProjectConfigurationPlatforms) = postSolution
		{970BA76D-FFC0-4DDA-8396-F3FD493D8B2A}.Debug|Any CPU.ActiveCfg = Debug|Any CPU
		{970BA76D-FFC0-4DDA-8396-F3FD493D8B2A}.Debug|Any CPU.Build.0 = Debug|Any CPU
		{970BA76D-FFC0-4DDA-8396-F3FD493D8B2A}.Release|Any CPU.ActiveCfg = Release|Any CPU
		{970BA76D-FFC0-4DDA-8396-F3FD493D8B2A}.Release|Any CPU.Build.0 = Release|Any CPU
	EndGlobalSection
	GlobalSection(SolutionProperties) = preSolution
		HideSolutionNode = FALSE
	EndGlobalSection
	GlobalSection(ExtensibilityGlobals) = postSolution
		SolutionGuid = {2B47D3F8-1069-4245-AE9C-A1D75662D4D8}
	EndGlobalSection
EndGlobal
